// !$*UTF8*$!
{
	archiveVersion = 1;
	classes = {
	};
	objectVersion = 46;
	objects = {

/* Begin PBXBuildFile section */
		846077301D1DE6BF00773246 /* AppDelegate.swift in Sources */ = {isa = PBXBuildFile; fileRef = 8460772F1D1DE6BF00773246 /* AppDelegate.swift */; };
		846077321D1DE6BF00773246 /* ViewController.swift in Sources */ = {isa = PBXBuildFile; fileRef = 846077311D1DE6BF00773246 /* ViewController.swift */; };
		846077351D1DE6BF00773246 /* Main.storyboard in Resources */ = {isa = PBXBuildFile; fileRef = 846077331D1DE6BF00773246 /* Main.storyboard */; };
		846077371D1DE6BF00773246 /* Assets.xcassets in Resources */ = {isa = PBXBuildFile; fileRef = 846077361D1DE6BF00773246 /* Assets.xcassets */; };
		8460773A1D1DE6BF00773246 /* LaunchScreen.storyboard in Resources */ = {isa = PBXBuildFile; fileRef = 846077381D1DE6BF00773246 /* LaunchScreen.storyboard */; };
/* End PBXBuildFile section */

/* Begin PBXFileReference section */
		8460772C1D1DE6BF00773246 /* bemTrajado.app */ = {isa = PBXFileReference; explicitFileType = wrapper.application; includeInIndex = 0; path = bemTrajado.app; sourceTree = BUILT_PRODUCTS_DIR; };
		8460772F1D1DE6BF00773246 /* AppDelegate.swift */ = {isa = PBXFileReference; lastKnownFileType = sourcecode.swift; path = AppDelegate.swift; sourceTree = "<group>"; };
		846077311D1DE6BF00773246 /* ViewController.swift */ = {isa = PBXFileReference; lastKnownFileType = sourcecode.swift; path = ViewController.swift; sourceTree = "<group>"; };
		846077341D1DE6BF00773246 /* Base */ = {isa = PBXFileReference; lastKnownFileType = file.storyboard; name = Base; path = Base.lproj/Main.storyboard; sourceTree = "<group>"; };
		846077361D1DE6BF00773246 /* Assets.xcassets */ = {isa = PBXFileReference; lastKnownFileType = folder.assetcatalog; path = Assets.xcassets; sourceTree = "<group>"; };
		846077391D1DE6BF00773246 /* Base */ = {isa = PBXFileReference; lastKnownFileType = file.storyboard; name = Base; path = Base.lproj/LaunchScreen.storyboard; sourceTree = "<group>"; };
		8460773B1D1DE6BF00773246 /* Info.plist */ = {isa = PBXFileReference; lastKnownFileType = text.plist.xml; path = Info.plist; sourceTree = "<group>"; };
/* End PBXFileReference section */

/* Begin PBXFrameworksBuildPhase section */
		846077291D1DE6BF00773246 /* Frameworks */ = {
			isa = PBXFrameworksBuildPhase;
			buildActionMask = 2147483647;
			files = (
			);
			runOnlyForDeploymentPostprocessing = 0;
		};
/* End PBXFrameworksBuildPhase section */

/* Begin PBXGroup section */
		846077231D1DE6BE00773246 = {
			isa = PBXGroup;
			children = (
				8460772E1D1DE6BF00773246 /* bemTrajado */,
				8460772D1D1DE6BF00773246 /* Products */,
			);
			sourceTree = "<group>";
		};
		8460772D1D1DE6BF00773246 /* Products */ = {
			isa = PBXGroup;
			children = (
				8460772C1D1DE6BF00773246 /* bemTrajado.app */,
			);
			name = Products;
			sourceTree = "<group>";
		};
		8460772E1D1DE6BF00773246 /* bemTrajado */ = {
			isa = PBXGroup;
			children = (
				8460772F1D1DE6BF00773246 /* AppDelegate.swift */,
				846077311D1DE6BF00773246 /* ViewController.swift */,
				846077331D1DE6BF00773246 /* Main.storyboard */,
				846077361D1DE6BF00773246 /* Assets.xcassets */,
				846077381D1DE6BF00773246 /* LaunchScreen.storyboard */,
				8460773B1D1DE6BF00773246 /* Info.plist */,
			);
			path = bemTrajado;
			sourceTree = "<group>";
		};
/* End PBXGroup section */

/* Begin PBXNativeTarget section */
		8460772B1D1DE6BF00773246 /* bemTrajado */ = {
			isa = PBXNativeTarget;
			buildConfigurationList = 8460773E1D1DE6C000773246 /* Build configuration list for PBXNativeTarget "bemTrajado" */;
			buildPhases = (
				846077281D1DE6BF00773246 /* Sources */,
				846077291D1DE6BF00773246 /* Frameworks */,
				8460772A1D1DE6BF00773246 /* Resources */,
			);
			buildRules = (
			);
			dependencies = (
			);
			name = bemTrajado;
			productName = bemTrajado;
			productReference = 8460772C1D1DE6BF00773246 /* bemTrajado.app */;
			productType = "com.apple.product-type.application";
		};
/* End PBXNativeTarget section */

/* Begin PBXProject section */
		846077241D1DE6BF00773246 /* Project object */ = {
			isa = PBXProject;
			attributes = {
				LastSwiftUpdateCheck = 0730;
				LastUpgradeCheck = 0730;
				ORGANIZATIONNAME = "THG Digital";
				TargetAttributes = {
					8460772B1D1DE6BF00773246 = {
						CreatedOnToolsVersion = 7.3.1;
						DevelopmentTeam = Y435X6EYVB;
					};
				};
			};
			buildConfigurationList = 846077271D1DE6BF00773246 /* Build configuration list for PBXProject "bemTrajado" */;
			compatibilityVersion = "Xcode 3.2";
			developmentRegion = English;
			hasScannedForEncodings = 0;
			knownRegions = (
				en,
				Base,
			);
			mainGroup = 846077231D1DE6BE00773246;
			productRefGroup = 8460772D1D1DE6BF00773246 /* Products */;
			projectDirPath = "";
			projectRoot = "";
			targets = (
				8460772B1D1DE6BF00773246 /* bemTrajado */,
			);
		};
/* End PBXProject section */

/* Begin PBXResourcesBuildPhase section */
		8460772A1D1DE6BF00773246 /* Resources */ = {
			isa = PBXResourcesBuildPhase;
			buildActionMask = 2147483647;
			files = (
				8460773A1D1DE6BF00773246 /* LaunchScreen.storyboard in Resources */,
				846077371D1DE6BF00773246 /* Assets.xcassets in Resources */,
				846077351D1DE6BF00773246 /* Main.storyboard in Resources */,
			);
			runOnlyForDeploymentPostprocessing = 0;
		};
/* End PBXResourcesBuildPhase section */

/* Begin PBXSourcesBuildPhase section */
		846077281D1DE6BF00773246 /* Sources */ = {
			isa = PBXSourcesBuildPhase;
			buildActionMask = 2147483647;
			files = (
				846077321D1DE6BF00773246 /* ViewController.swift in Sources */,
				846077301D1DE6BF00773246 /* AppDelegate.swift in Sources */,
			);
			runOnlyForDeploymentPostprocessing = 0;
		};
/* End PBXSourcesBuildPhase section */

/* Begin PBXVariantGroup section */
		846077331D1DE6BF00773246 /* Main.storyboard */ = {
			isa = PBXVariantGroup;
			children = (
				846077341D1DE6BF00773246 /* Base */,
			);
			name = Main.storyboard;
			sourceTree = "<group>";
		};
		846077381D1DE6BF00773246 /* LaunchScreen.storyboard */ = {
			isa = PBXVariantGroup;
			children = (
				846077391D1DE6BF00773246 /* Base */,
			);
			name = LaunchScreen.storyboard;
			sourceTree = "<group>";
		};
/* End PBXVariantGroup section */

/* Begin XCBuildConfiguration section */
		8460773C1D1DE6C000773246 /* Debug */ = {
			isa = XCBuildConfiguration;
			buildSettings = {
				ALWAYS_SEARCH_USER_PATHS = NO;
				CLANG_ANALYZER_NONNULL = YES;
				CLANG_CXX_LANGUAGE_STANDARD = "gnu++0x";
				CLANG_CXX_LIBRARY = "libc++";
				CLANG_ENABLE_MODULES = YES;
				CLANG_ENABLE_OBJC_ARC = YES;
				CLANG_WARN_BOOL_CONVERSION = YES;
				CLANG_WARN_CONSTANT_CONVERSION = YES;
				CLANG_WARN_DIRECT_OBJC_ISA_USAGE = YES_ERROR;
				CLANG_WARN_EMPTY_BODY = YES;
				CLANG_WARN_ENUM_CONVERSION = YES;
				CLANG_WARN_INT_CONVERSION = YES;
				CLANG_WARN_OBJC_ROOT_CLASS = YES_ERROR;
				CLANG_WARN_UNREACHABLE_CODE = YES;
				CLANG_WARN__DUPLICATE_METHOD_MATCH = YES;
				"CODE_SIGN_IDENTITY[sdk=iphoneos*]" = "iPhone Developer";
				COPY_PHASE_STRIP = NO;
				DEBUG_INFORMATION_FORMAT = dwarf;
				ENABLE_STRICT_OBJC_MSGSEND = YES;
				ENABLE_TESTABILITY = YES;
				GCC_C_LANGUAGE_STANDARD = gnu99;
				GCC_DYNAMIC_NO_PIC = NO;
				GCC_NO_COMMON_BLOCKS = YES;
				GCC_OPTIMIZATION_LEVEL = 0;
				GCC_PREPROCESSOR_DEFINITIONS = (
					"DEBUG=1",
					"$(inherited)",
				);
				GCC_WARN_64_TO_32_BIT_CONVERSION = YES;
				GCC_WARN_ABOUT_RETURN_TYPE = YES_ERROR;
				GCC_WARN_UNDECLARED_SELECTOR = YES;
				GCC_WARN_UNINITIALIZED_AUTOS = YES_AGGRESSIVE;
				GCC_WARN_UNUSED_FUNCTION = YES;
				GCC_WARN_UNUSED_VARIABLE = YES;
				IPHONEOS_DEPLOYMENT_TARGET = 9.3;
				MTL_ENABLE_DEBUG_INFO = YES;
				ONLY_ACTIVE_ARCH = YES;
				SDKROOT = iphoneos;
				SWIFT_OPTIMIZATION_LEVEL = "-Onone";
				TARGETED_DEVICE_FAMILY = "1,2";
			};
			name = Debug;
		};
		8460773D1D1DE6C000773246 /* Release */ = {
			isa = XCBuildConfiguration;
			buildSettings = {
				ALWAYS_SEARCH_USER_PATHS = NO;
				CLANG_ANALYZER_NONNULL = YES;
				CLANG_CXX_LANGUAGE_STANDARD = "gnu++0x";
				CLANG_CXX_LIBRARY = "libc++";
				CLANG_ENABLE_MODULES = YES;
				CLANG_ENABLE_OBJC_ARC = YES;
				CLANG_WARN_BOOL_CONVERSION = YES;
				CLANG_WARN_CONSTANT_CONVERSION = YES;
				CLANG_WARN_DIRECT_OBJC_ISA_USAGE = YES_ERROR;
				CLANG_WARN_EMPTY_BODY = YES;
				CLANG_WARN_ENUM_CONVERSION = YES;
				CLANG_WARN_INT_CONVERSION = YES;
				CLANG_WARN_OBJC_ROOT_CLASS = YES_ERROR;
				CLANG_WARN_UNREACHABLE_CODE = YES;
				CLANG_WARN__DUPLICATE_METHOD_MATCH = YES;
				"CODE_SIGN_IDENTITY[sdk=iphoneos*]" = "iPhone Developer";
				COPY_PHASE_STRIP = NO;
				DEBUG_INFORMATION_FORMAT = "dwarf-with-dsym";
				ENABLE_NS_ASSERTIONS = NO;
				ENABLE_STRICT_OBJC_MSGSEND = YES;
				GCC_C_LANGUAGE_STANDARD = gnu99;
				GCC_NO_COMMON_BLOCKS = YES;
				GCC_WARN_64_TO_32_BIT_CONVERSION = YES;
				GCC_WARN_ABOUT_RETURN_TYPE = YES_ERROR;
				GCC_WARN_UNDECLARED_SELECTOR = YES;
				GCC_WARN_UNINITIALIZED_AUTOS = YES_AGGRESSIVE;
				GCC_WARN_UNUSED_FUNCTION = YES;
				GCC_WARN_UNUSED_VARIABLE = YES;
				IPHONEOS_DEPLOYMENT_TARGET = 9.3;
				MTL_ENABLE_DEBUG_INFO = NO;
				SDKROOT = iphoneos;
				TARGETED_DEVICE_FAMILY = "1,2";
				VALIDATE_PRODUCT = YES;
			};
			name = Release;
		};
		8460773F1D1DE6C000773246 /* Debug */ = {
			isa = XCBuildConfiguration;
			buildSettings = {
				ASSETCATALOG_COMPILER_APPICON_NAME = AppIcon;
				INFOPLIST_FILE = bemTrajado/Info.plist;
				LD_RUNPATH_SEARCH_PATHS = "$(inherited) @executable_path/Frameworks";
				PRODUCT_BUNDLE_IDENTIFIER = br.thgdigital.bemTrajado;
				PRODUCT_NAME = "$(TARGET_NAME)";
			};
			name = Debug;
		};
		846077401D1DE6C000773246 /* Release */ = {
			isa = XCBuildConfiguration;
			buildSettings = {
				ASSETCATALOG_COMPILER_APPICON_NAME = AppIcon;
				INFOPLIST_FILE = bemTrajado/Info.plist;
				LD_RUNPATH_SEARCH_PATHS = "$(inherited) @executable_path/Frameworks";
				PRODUCT_BUNDLE_IDENTIFIER = br.thgdigital.bemTrajado;
				PRODUCT_NAME = "$(TARGET_NAME)";
			};
			name = Release;
		};
/* End XCBuildConfiguration section */

/* Begin XCConfigurationList section */
		846077271D1DE6BF00773246 /* Build configuration list for PBXProject "bemTrajado" */ = {
			isa = XCConfigurationList;
			buildConfigurations = (
				8460773C1D1DE6C000773246 /* Debug */,
				8460773D1D1DE6C000773246 /* Release */,
			);
			defaultConfigurationIsVisible = 0;
			defaultConfigurationName = Release;
		};
		8460773E1D1DE6C000773246 /* Build configuration list for PBXNativeTarget "bemTrajado" */ = {
			isa = XCConfigurationList;
			buildConfigurations = (
				8460773F1D1DE6C000773246 /* Debug */,
				846077401D1DE6C000773246 /* Release */,
			);
			defaultConfigurationIsVisible = 0;
		};
/* End XCConfigurationList section */
	};
	rootObject = 846077241D1DE6BF00773246 /* Project object */;
}
